
Microsoft Visual Studio Solution File, Format Version 12.00
# Visual Studio Version 16
VisualStudioVersion = 16.0.32802.440
MinimumVisualStudioVersion = 10.0.40219.1
Project("{FAE04EC0-301F-11D3-BF4B-00C04F79EFBC}") = "Bank Management System", "Bank Management System\Bank Management System.csproj", "{40E15605-CB62-484D-AF8D-DCC031007A14}"
EndProject
Global
	GlobalSection(SolutionConfigurationPlatforms) = preSolution
		Debug|Any CPU = Debug|Any CPU
		Release|Any CPU = Release|Any CPU
	EndGlobalSection
	GlobalSection(ProjectConfigurationPlatforms) = postSolution
		{40E15605-CB62-484D-AF8D-DCC031007A14}.Debug|Any CPU.ActiveCfg = Debug|Any CPU
		{40E15605-CB62-484D-AF8D-DCC031007A14}.Debug|Any CPU.Build.0 = Debug|Any CPU
		{40E15605-CB62-484D-AF8D-DCC031007A14}.Release|Any CPU.ActiveCfg = Release|Any CPU
		{40E15605-CB62-484D-AF8D-DCC031007A14}.Release|Any CPU.Build.0 = Release|Any CPU
	EndGlobalSection
	GlobalSection(SolutionProperties) = preSolution
		HideSolutionNode = FALSE
	EndGlobalSection
	GlobalSection(ExtensibilityGlobals) = postSolution
		SolutionGuid = {6328B19D-CF90-48CD-AFBC-8D14F59CAAA0}
	EndGlobalSection
EndGlobal
